{
  "version": "3",
  "packages": {
    "specifiers": {
      "npm:telegram-format@2": "npm:telegram-format@2.1.0"
    },
    "npm": {
      "telegram-format@2.1.0": {
        "integrity": "sha512-V2thkhKzcNVL26h/ANeat/Z+AXBaDGoizs4cab6Kpq/w+d+Ai6M/AFFkuBwvCkZXqb+7UW2vt3Dko5+kKcOIHg==",
        "dependencies": {}
      }
    }
  },
  "redirects": {
    "https://cdn.skypack.dev/-/@date-fns/utc@v1.1.0-EKCmNY9452DyFBJfVVmZ/dist=es2019,mode=types/date.d.ts": "https://cdn.skypack.dev/-/@date-fns/utc@v1.1.0-EKCmNY9452DyFBJfVVmZ/dist=es2019,mode=types/date/index.d.ts",
    "https://esm.sh/@grammyjs/types@2": "https://esm.sh/@grammyjs/types@2.12.1",
    "https://esm.sh/@grammyjs/types@v2": "https://esm.sh/@grammyjs/types@2.0.0",
    "https://esm.sh/@swc/core@1.2.212/types.d.ts": "https://esm.sh/v133/@swc/core@1.2.212/types.d.ts",
    "https://esm.sh/v128/@types/react@~18.2/index.d.ts": "https://esm.sh/v128/@types/react@18.2.25/index.d.ts",
    "https://esm.sh/v133/@types/png-chunk-text@~1.0/index.d.ts": "https://esm.sh/v133/@types/png-chunk-text@1.0.1/index.d.ts",
    "https://esm.sh/v133/@types/png-chunks-extract@~1.0/index.d.ts": "https://esm.sh/v133/@types/png-chunks-extract@1.0.0/index.d.ts",
    "https://esm.sh/v133/@types/react-dom@~18.2/client~.d.ts": "https://esm.sh/v133/@types/react-dom@18.2.13/client~.d.ts",
    "https://lib.deno.dev/x/grammy@1/mod.ts": "https://deno.land/x/grammy@v1.19.1/mod.ts",
    "https://lib.deno.dev/x/grammy@^1.0/mod.ts": "https://deno.land/x/grammy@v1.19.1/mod.ts",
    "https://lib.deno.dev/x/grammy@v1/mod.ts": "https://deno.land/x/grammy@v1.19.1/mod.ts",
    "https://lib.deno.dev/x/grammy@v1/types.ts": "https://deno.land/x/grammy@v1.19.1/types.ts",
    "https://lib.deno.dev/x/grammy_files@1/mod.ts": "https://deno.land/x/grammy_files@v1.0.4/mod.ts",
    "https://lib.deno.dev/x/grammy_parse_mode@1/mod.ts": "https://deno.land/x/grammy_parse_mode@1.8.1/mod.ts",
    "https://lib.deno.dev/x/grammy_runner@2/mod.ts": "https://deno.land/x/grammy_runner@v2.0.3/mod.ts",
    "https://lib.deno.dev/x/grammy_stateless_question_alpha@3/mod.ts": "https://deno.land/x/grammy_stateless_question_alpha@v3.0.4/mod.ts",
    "https://lib.deno.dev/x/grammy_types@3/mod.ts": "https://deno.land/x/grammy_types@v3.3.0/mod.ts"
  },
  "remote": {
    "https://cdn.skypack.dev/-/@date-fns/utc@v1.1.0-EKCmNY9452DyFBJfVVmZ/dist=es2019,mode=imports/optimized/@date-fns/utc.js": "f3566d499010a4872640fc2c5f539e98d490d794f43e597a2da9aadf03b2c050",
    "https://cdn.skypack.dev/-/@date-fns/utc@v1.1.0-EKCmNY9452DyFBJfVVmZ/dist=es2019,mode=imports/optimized/@date-fns/utc/date.js": "bd4ef50c3a846971a4b001bfdbfee22e9b523a4faaaa776c1001b5c8b450a025",
    "https://cdn.skypack.dev/-/@date-fns/utc@v1.1.0-EKCmNY9452DyFBJfVVmZ/dist=es2019,mode=imports/optimized/@date-fns/utc/date/mini.js": "2d7a4c546f921006542c2f83b76a5d1a94c670f9c885382d998054f627aadd5a",
    "https://cdn.skypack.dev/-/date-fns@v2.30.0-E7SpvwCL3wRUK0Q9mmOa/dist=es2019,mode=imports/optimized/date-fns.js": "9e81dde88a23d207bf9c40c8350525c9115eeede74000c9f94fcd4a65ce64865",
    "https://cdn.skypack.dev/-/debug@v4.3.4-o4liVvMlOnQWbLSYZMXw/dist=es2019,mode=imports/optimized/debug.js": "671100993996e39b501301a87000607916d4d2d9f8fc8e9c5200ae5ba64a1389",
    "https://cdn.skypack.dev/-/ms@v2.1.2-giBDZ1IA5lmQ3ZXaa87V/dist=es2019,mode=imports/optimized/ms.js": "fd88e2d51900437011f1ad232f3393ce97db1b87a7844b3c58dd6d65562c1276",
    "https://cdn.skypack.dev/@date-fns/utc@1.1.0?dts": "9fafa18de74e61386a79482ca58b766c0be1f8fd10bdc931ef26bd4b8cdac91e",
    "https://cdn.skypack.dev/date-fns@2.30.0?dts": "9cf78eb65f86f7b699e241a1e0ff94f3878d693e517e21ddc7fe727e3b479058",
    "https://cdn.skypack.dev/debug@4.3.4": "7b1d010cc930f71b940ba5941da055bc181115229e29de7214bdb4425c68ea76",
    "https://deno.land/std@0.135.0/_util/assert.ts": "e94f2eb37cebd7f199952e242c77654e43333c1ac4c5c700e929ea3aa5489f74",
    "https://deno.land/std@0.135.0/_util/os.ts": "49b92edea1e82ba295ec946de8ffd956ed123e2948d9bd1d3e901b04e4307617",
    "https://deno.land/std@0.135.0/bytes/bytes_list.ts": "67eb118e0b7891d2f389dad4add35856f4ad5faab46318ff99653456c23b025d",
    "https://deno.land/std@0.135.0/bytes/equals.ts": "a60ef9f01fb6e06a4e0343fc44d53d39d12dd66bc3f09ac8e6eb9cc1a6335e48",
    "https://deno.land/std@0.135.0/bytes/mod.ts": "4cef6fe8f0de217b9babbcbb0a566402b667f18a8e6d094a45e5fb3fc1afff70",
    "https://deno.land/std@0.135.0/fmt/colors.ts": "30455035d6d728394781c10755351742dd731e3db6771b1843f9b9e490104d37",
    "https://deno.land/std@0.135.0/io/buffer.ts": "bd0c4bf53db4b4be916ca5963e454bddfd3fcd45039041ea161dbf826817822b",
    "https://deno.land/std@0.135.0/io/files.ts": "d199ef64e918a256320ba8d8d44ae91de87c9077df8f8d6cca013f1b9fbbe285",
    "https://deno.land/std@0.135.0/io/mod.ts": "1a4e8d19d42745fb2ff68d6ffa801657a4a15713bf7e7173df2da4737f5c5450",
    "https://deno.land/std@0.135.0/io/readers.ts": "15062a8863e6df8503ac6629924d04c5e65cf3da15997470525e705831a810c8",
    "https://deno.land/std@0.135.0/io/streams.ts": "988a19155b52161f0035ce539e2f1d12edbc4c389fa7633da832a64e6edbe1a0",
    "https://deno.land/std@0.135.0/io/util.ts": "078da53bba767bec0d45f7da44411f6dbf269e51ef7fcfea5e3714e04681c674",
    "https://deno.land/std@0.135.0/io/writers.ts": "5db9995d2afc7ed391c88c6b441457df6fad6a0b09653e54c1dcd0387ab947fd",
    "https://deno.land/std@0.135.0/path/_constants.ts": "df1db3ffa6dd6d1252cc9617e5d72165cd2483df90e93833e13580687b6083c3",
    "https://deno.land/std@0.135.0/path/_interface.ts": "ee3b431a336b80cf445441109d089b70d87d5e248f4f90ff906820889ecf8d09",
    "https://deno.land/std@0.135.0/path/_util.ts": "c1e9686d0164e29f7d880b2158971d805b6e0efc3110d0b3e24e4b8af2190d2b",
    "https://deno.land/std@0.135.0/path/common.ts": "bee563630abd2d97f99d83c96c2fa0cca7cee103e8cb4e7699ec4d5db7bd2633",
    "https://deno.land/std@0.135.0/path/glob.ts": "cb5255638de1048973c3e69e420c77dc04f75755524cb3b2e160fe9277d939ee",
    "https://deno.land/std@0.135.0/path/mod.ts": "4275129bb766f0e475ecc5246aa35689eeade419d72a48355203f31802640be7",
    "https://deno.land/std@0.135.0/path/posix.ts": "293cdaec3ecccec0a9cc2b534302dfe308adb6f10861fa183275d6695faace44",
    "https://deno.land/std@0.135.0/path/separator.ts": "fe1816cb765a8068afb3e8f13ad272351c85cbc739af56dacfc7d93d710fe0f9",
    "https://deno.land/std@0.135.0/path/win32.ts": "31811536855e19ba37a999cd8d1b62078235548d67902ece4aa6b814596dd757",
    "https://deno.land/std@0.135.0/streams/conversion.ts": "712585bfa0172a97fb68dd46e784ae8ad59d11b88079d6a4ab098ff42e697d21",
    "https://deno.land/std@0.135.0/testing/_diff.ts": "9d849cd6877694152e01775b2d93f9d6b7aef7e24bfe3bfafc4d7a1ac8e9f392",
    "https://deno.land/std@0.135.0/testing/asserts.ts": "b0ef969032882b1f7eb1c7571e313214baa1485f7b61cf35807b2434e254365c",
    "https://deno.land/std@0.186.0/async/deferred.ts": "42790112f36a75a57db4a96d33974a936deb7b04d25c6084a9fa8a49f135def8",
    "https://deno.land/std@0.201.0/assert/assert.ts": "9a97dad6d98c238938e7540736b826440ad8c1c1e54430ca4c4e623e585607ee",
    "https://deno.land/std@0.201.0/assert/assertion_error.ts": "4d0bde9b374dfbcbe8ac23f54f567b77024fb67dbb1906a852d67fe050d42f56",
    "https://deno.land/std@0.201.0/async/abortable.ts": "fd682fa46f3b7b16b4606a5ab52a7ce309434b76f820d3221bdfb862719a15d7",
    "https://deno.land/std@0.201.0/async/deadline.ts": "58f72a3cc0fcb731b2cc055ba046f4b5be3349ff6bf98f2e793c3b969354aab2",
    "https://deno.land/std@0.201.0/async/debounce.ts": "adab11d04ca38d699444ac8a9d9856b4155e8dda2afd07ce78276c01ea5a4332",
    "https://deno.land/std@0.201.0/async/deferred.ts": "42790112f36a75a57db4a96d33974a936deb7b04d25c6084a9fa8a49f135def8",
    "https://deno.land/std@0.201.0/async/delay.ts": "a6142eb44cdd856b645086af2b811b1fcce08ec06bb7d50969e6a872ee9b8659",
    "https://deno.land/std@0.201.0/async/mod.ts": "f04344fa21738e5ad6bea37a6bfffd57c617c2d372bb9f9dcfd118a1b622e576",
    "https://deno.land/std@0.201.0/async/mux_async_iterator.ts": "70c7f2ee4e9466161350473ad61cac0b9f115cff4c552eaa7ef9d50c4cbb4cc9",
    "https://deno.land/std@0.201.0/async/pool.ts": "47c1841cfa9c036144943d11747ddd44064f5baf8cb7ece25473ba873c6aceb0",
    "https://deno.land/std@0.201.0/async/retry.ts": "296fb9c323e1325a69bee14ba947e7da7409a8dd9dd646d70cb51ea0d301f24e",
    "https://deno.land/std@0.201.0/async/tee.ts": "47e42d35f622650b02234d43803d0383a89eb4387e1b83b5a40106d18ae36757",
    "https://deno.land/std@0.201.0/bytes/copy.ts": "939d89e302a9761dcf1d9c937c7711174ed74c59eef40a1e4569a05c9de88219",
    "https://deno.land/std@0.201.0/dotenv/load.ts": "0636983549b98f29ab75c9a22a42d9723f0a389ece5498fe971e7bb2556a12e2",
    "https://deno.land/std@0.201.0/dotenv/mod.ts": "1da8c6d0e7f7d8a5c2b19400b763bc11739df24acec235dda7ea2cfd3d300057",
    "https://deno.land/std@0.201.0/fmt/colors.ts": "87544aa2bc91087bb37f9c077970c85bfb041b48e4c37356129d7b450a415b6f",
    "https://deno.land/std@0.201.0/fs/exists.ts": "cb59a853d84871d87acab0e7936a4dac11282957f8e195102c5a7acb42546bb8",
    "https://deno.land/std@0.201.0/io/buf_writer.ts": "48c33c8f00b61dcbc7958706741cec8e59810bd307bc6a326cbd474fe8346dfd",
    "https://deno.land/std@0.201.0/log/handlers.ts": "3a0883f65567f59a9a88e44c972b24b924621bc28ead91af11d7a6da93c4a64c",
    "https://deno.land/std@0.201.0/log/levels.ts": "6309147664e9e008cd6671610f2505c4c95f181f6bae4816a84b33e0aec66859",
    "https://deno.land/std@0.201.0/log/logger.ts": "180c50a07c43a556dc5794e913c82946399e89d683201d01c8f0091e1e4ae3fc",
    "https://deno.land/std@0.201.0/log/mod.ts": "a274d2129c8d08d4c96e0fb165a595e6c730b5130b437a9ce04364156bfe955a",
    "https://deno.land/std@0.202.0/assert/assert.ts": "9a97dad6d98c238938e7540736b826440ad8c1c1e54430ca4c4e623e585607ee",
    "https://deno.land/std@0.202.0/assert/assertion_error.ts": "4d0bde9b374dfbcbe8ac23f54f567b77024fb67dbb1906a852d67fe050d42f56",
    "https://deno.land/std@0.202.0/bytes/bytes_list.ts": "ecf5098c230b793970f43c06e8f30d70b937c031658365aeb3de9a8ae4d406a3",
    "https://deno.land/std@0.202.0/bytes/concat.ts": "d26d6f3d7922e6d663dacfcd357563b7bf4a380ce5b9c2bbe0c8586662f25ce2",
    "https://deno.land/std@0.202.0/bytes/copy.ts": "939d89e302a9761dcf1d9c937c7711174ed74c59eef40a1e4569a05c9de88219",
    "https://deno.land/std@0.202.0/bytes/ends_with.ts": "4228811ebc71615d27f065c54b5e815ec1972538772b0f413c0efe05245b472e",
    "https://deno.land/std@0.202.0/bytes/equals.ts": "fc190cce412b2136979181b163ec7e05f7e7a947e39102eee4b8c0d62519ddf9",
    "https://deno.land/std@0.202.0/bytes/includes_needle.ts": "76a8163126fb2f8bf86fd7f22192c3bb04bf6a20b987a095127c2ca08adf3ba6",
    "https://deno.land/std@0.202.0/bytes/index_of_needle.ts": "9c06610e9611b5647ac25952e71a22e09227c9f1b8cbeeb33399bf8bf8a7f649",
    "https://deno.land/std@0.202.0/bytes/last_index_of_needle.ts": "f1602f221c3b678bc4f1e1c88a70a15ab7da32c21751dbbc6c957c956951d784",
    "https://deno.land/std@0.202.0/bytes/mod.ts": "e869bba1e7a2e3a9cc6c2d55471888429a544e70a840c087672e656e7ba21815",
    "https://deno.land/std@0.202.0/bytes/repeat.ts": "6f5e490d8d72bcbf8d84a6bb04690b9b3eb5822c5a11687bca73a2318a842294",
    "https://deno.land/std@0.202.0/bytes/starts_with.ts": "3e607a70c9c09f5140b7a7f17a695221abcc7244d20af3eb47ccbb63f5885135",
    "https://deno.land/std@0.202.0/collections/_utils.ts": "5114abc026ddef71207a79609b984614e66a63a4bda17d819d56b0e72c51527e",
    "https://deno.land/std@0.202.0/collections/deep_merge.ts": "9db788ba56cb05b65c77166b789e58e125dff159b7f41bf4d19dc1cba19ecb8b",
    "https://deno.land/std@0.202.0/collections/distinct_by.ts": "3afe11d81eafb30c7c9dbf568d94357f3d88153292c00671b72cd695deae6602",
    "https://deno.land/std@0.202.0/collections/max_by.ts": "9d5940986aac51b2e4feaebef9cd8bf6e1eceeee5edcf3303e334b737f99520d",
    "https://deno.land/std@0.202.0/encoding/base64.ts": "144ae6234c1fbe5b68666c711dc15b1e9ee2aef6d42b3b4345bf9a6c91d70d0d",
    "https://deno.land/std@0.202.0/flags/mod.ts": "0948466fc437f017f00c0b972a422b3dc3317a790bcf326429d23182977eaf9f",
    "https://deno.land/std@0.202.0/fmt/bytes.ts": "f29cf69e0791d375f9f5d94ae1f0641e5a03b975f32ddf86d70f70fdf37e7b6a",
    "https://deno.land/std@0.202.0/fmt/colors.ts": "c51c4642678eb690dcf5ffee5918b675bf01a33fba82acf303701ae1a4f8c8d9",
    "https://deno.land/std@0.202.0/fmt/duration.ts": "7e73e2e7aa82013ea5885efd65e331c6b99506b3977bb9edcd2b6745ce3212e0",
    "https://deno.land/std@0.202.0/http/etag.ts": "807382795850cde5c437c74bcc09392bc0fc56de348fc1271f383f4b28935b9f",
    "https://deno.land/std@0.202.0/http/file_server.ts": "6f5c4a28c36995f31544abb49b86bee6e7a2d34664cac3936ff08ccad1682d85",
    "https://deno.land/std@0.202.0/http/http_status.ts": "8a7bcfe3ac025199ad804075385e57f63d055b2aed539d943ccc277616d6f932",
    "https://deno.land/std@0.202.0/http/util.ts": "4cf044067febaa26d0830e356b0f3a5f76d701a60d7ff7a516fad7b192f4c3a7",
    "https://deno.land/std@0.202.0/media_types/_db.ts": "7606d83e31f23ce1a7968cbaee852810c2cf477903a095696cdc62eaab7ce570",
    "https://deno.land/std@0.202.0/media_types/_util.ts": "0879b04cc810ff18d3dcd97d361e03c9dfb29f67d7fc4a9c6c9d387282ef5fe8",
    "https://deno.land/std@0.202.0/media_types/content_type.ts": "ad98a5aa2d95f5965b2796072284258710a25e520952376ed432b0937ce743bc",
    "https://deno.land/std@0.202.0/media_types/format_media_type.ts": "f5e1073c05526a6f5a516ac5c5587a1abd043bf1039c71cde1166aa4328c8baf",
    "https://deno.land/std@0.202.0/media_types/get_charset.ts": "18b88274796fda5d353806bf409eb1d2ddb3f004eb4bd311662c4cdd8ac173db",
    "https://deno.land/std@0.202.0/media_types/parse_media_type.ts": "31ccf2388ffab31b49500bb89fa0f5de189c8897e2ee6c9954f207637d488211",
    "https://deno.land/std@0.202.0/media_types/type_by_extension.ts": "8c210d4e28ea426414dd8c61146eefbcc7e091a89ccde54bbbe883a154856afd",
    "https://deno.land/std@0.202.0/media_types/vendor/mime-db.v1.52.0.ts": "6925bbcae81ca37241e3f55908d0505724358cda3384eaea707773b2c7e99586",
    "https://deno.land/std@0.202.0/path/_basename.ts": "057d420c9049821f983f784fd87fa73ac471901fb628920b67972b0f44319343",
    "https://deno.land/std@0.202.0/path/_constants.ts": "e49961f6f4f48039c0dfed3c3f93e963ca3d92791c9d478ac5b43183413136e0",
    "https://deno.land/std@0.202.0/path/_extname.ts": "eaaa5aae1acf1f03254d681bd6a8ce42a9cb5b7ff2213a9d4740e8ab31283664",
    "https://deno.land/std@0.202.0/path/_join.ts": "815f5e85b042285175b1492dd5781240ce126c23bd97bad6b8211fe7129c538e",
    "https://deno.land/std@0.202.0/path/_normalize.ts": "a19ec8706b2707f9dd974662a5cd89fad438e62ab1857e08b314a8eb49a34d81",
    "https://deno.land/std@0.202.0/path/_os.ts": "30b0c2875f360c9296dbe6b7f2d528f0f9c741cecad2e97f803f5219e91b40a2",
    "https://deno.land/std@0.202.0/path/_relative.ts": "27bdeffb5311a47d85be26d37ad1969979359f7636c5cd9fcf05dcd0d5099dc5",
    "https://deno.land/std@0.202.0/path/_resolve.ts": "7a3616f1093735ed327e758313b79c3c04ea921808ca5f19ddf240cb68d0adf6",
    "https://deno.land/std@0.202.0/path/_util.ts": "4e191b1bac6b3bf0c31aab42e5ca2e01a86ab5a0d2e08b75acf8585047a86221",
    "https://deno.land/std@0.202.0/path/basename.ts": "bdfa5a624c6a45564dc6758ef2077f2822978a6dbe77b0a3514f7d1f81362930",
    "https://deno.land/std@0.202.0/path/extname.ts": "62c4b376300795342fe1e4746c0de518b4dc9c4b0b4617bfee62a2973a9555cf",
    "https://deno.land/std@0.202.0/path/join.ts": "31c5419f23d91655b08ec7aec403f4e4cd1a63d39e28f6e42642ea207c2734f8",
    "https://deno.land/std@0.202.0/path/relative.ts": "8bedac226afd360afc45d451a6c29fabceaf32978526bcb38e0c852661f66c61",
    "https://deno.land/std@0.202.0/path/resolve.ts": "133161e4949fc97f9ca67988d51376b0f5eef8968a6372325ab84d39d30b80dc",
    "https://deno.land/std@0.202.0/path/separator.ts": "40a3e9a4ad10bef23bc2cd6c610291b6c502a06237c2c4cd034a15ca78dedc1f",
    "https://deno.land/std@0.202.0/streams/_common.ts": "3b2c1f0287ce2ad51fff4091a7d0f48375c85b0ec341468e76d5ac13bb0014dd",
    "https://deno.land/std@0.202.0/streams/byte_slice_stream.ts": "c46d7c74836fc8c1a9acd9fe211cbe1bbaaee1b36087c834fb03af4991135c3a",
    "https://deno.land/std@0.202.0/streams/iterate_reader.ts": "3b42d3056c8ccade561f1c7ac22d5e671e745933d9f9168fd3b5913588d911c3",
    "https://deno.land/std@0.202.0/version.ts": "a39aa19f482555b66c041c6317bd8ce849401a3b580bd12e80fe0adf647b0ad1",
    "https://deno.land/std@0.203.0/assert/assert.ts": "9a97dad6d98c238938e7540736b826440ad8c1c1e54430ca4c4e623e585607ee",
    "https://deno.land/std@0.203.0/assert/assertion_error.ts": "4d0bde9b374dfbcbe8ac23f54f567b77024fb67dbb1906a852d67fe050d42f56",
    "https://deno.land/std@0.203.0/flags/mod.ts": "0948466fc437f017f00c0b972a422b3dc3317a790bcf326429d23182977eaf9f",
    "https://deno.land/std@0.203.0/path/_constants.ts": "e49961f6f4f48039c0dfed3c3f93e963ca3d92791c9d478ac5b43183413136e0",
    "https://deno.land/std@0.203.0/path/_extname.ts": "eaaa5aae1acf1f03254d681bd6a8ce42a9cb5b7ff2213a9d4740e8ab31283664",
    "https://deno.land/std@0.203.0/path/_join.ts": "815f5e85b042285175b1492dd5781240ce126c23bd97bad6b8211fe7129c538e",
    "https://deno.land/std@0.203.0/path/_normalize.ts": "a19ec8706b2707f9dd974662a5cd89fad438e62ab1857e08b314a8eb49a34d81",
    "https://deno.land/std@0.203.0/path/_os.ts": "30b0c2875f360c9296dbe6b7f2d528f0f9c741cecad2e97f803f5219e91b40a2",
    "https://deno.land/std@0.203.0/path/_util.ts": "4e191b1bac6b3bf0c31aab42e5ca2e01a86ab5a0d2e08b75acf8585047a86221",
    "https://deno.land/std@0.203.0/path/extname.ts": "62c4b376300795342fe1e4746c0de518b4dc9c4b0b4617bfee62a2973a9555cf",
    "https://deno.land/std@0.203.0/path/join.ts": "31c5419f23d91655b08ec7aec403f4e4cd1a63d39e28f6e42642ea207c2734f8",
    "https://deno.land/x/async@v2.0.2/barrier.ts": "e5d35a8c565be07b5bd02ea8861745f57cd707fe72ba54eca34948ffe28495d7",
    "https://deno.land/x/async@v2.0.2/lock.ts": "fd7dc5b54c72d0093072adddb1691e1ae4a801c55b2015589454ea60f1c59adb",
    "https://deno.land/x/async@v2.0.2/mod.ts": "0671efa8602fe6a6c73caa84d4619b797c1fe0572e31cd78905045ee58c2a6ee",
    "https://deno.land/x/async@v2.0.2/mutex.ts": "312dcad7468c82f84fd018be157df451361ed19bdc12fd59af8d12b2e6c3ae28",
    "https://deno.land/x/async@v2.0.2/notify.ts": "3127ab5835c97527fdf978a5ec5844d71a2fd62a75988db6f175aac6f61259d0",
    "https://deno.land/x/async@v2.0.2/queue.ts": "4df05fbaf376d37379224b68b2b8506a45be835f799139437e7bfc143db5127f",
    "https://deno.land/x/async@v2.0.2/rw_lock.ts": "ea7a8cf2ee87c21d3fcbb44f2d654f28a06bf71d5ba7a930f04e5619cc4c82fb",
    "https://deno.land/x/async@v2.0.2/semaphore.ts": "16aca813bc0f9ffed4eb15134271fb677407a6245d1f803294219a607940d636",
    "https://deno.land/x/async@v2.0.2/stack.ts": "e24ebcbdcab032783e6b278b938475c221fbfb86f8eb71d3752679fcdf132d42",
    "https://deno.land/x/async@v2.0.2/state.ts": "a71692b72371239120b196d0c6a249631bab867dd499e85c422c2e5ec9695999",
    "https://deno.land/x/async@v2.0.2/testutil.ts": "c4b4092066ad6f24cf84012781831ff188e656a1e81abf31b0f712d2e1ad07b7",
    "https://deno.land/x/grammy@v1.19.1/bot.ts": "ff38517817fdc104ed2ef0ab210d5ba1f67675510eabe33b74abd1e586b91316",
    "https://deno.land/x/grammy@v1.19.1/composer.ts": "8660f86990f4ef2afc4854a1f2610bb8d60f88116f3a57c8e5515a77b277f82d",
    "https://deno.land/x/grammy@v1.19.1/context.ts": "4cf51ed7538750edb4379f757f6b8b3c1f3987242d58393160b463c9ca13c997",
    "https://deno.land/x/grammy@v1.19.1/convenience/constants.ts": "3be0f6393ab2b2995fad6bcd4c9cf8a1a615ae4543fc864c107ba0dd38f123f6",
    "https://deno.land/x/grammy@v1.19.1/convenience/frameworks.ts": "4d4e5ecdcb4f48d3b317c35d8201800c45002e1e195af1b5d7609617f4bdc656",
    "https://deno.land/x/grammy@v1.19.1/convenience/inline_query.ts": "409d1940c7670708064efa495003bcbfdf6763a756b2e6303c464489fd3394ff",
    "https://deno.land/x/grammy@v1.19.1/convenience/input_media.ts": "7af72a5fdb1af0417e31b1327003f536ddfdf64e06ab8bc7f5da6b574de38658",
    "https://deno.land/x/grammy@v1.19.1/convenience/keyboard.ts": "21220dc2321c40203c699fa4eb7b07ed8217956ea0477c241a551224a58a278d",
    "https://deno.land/x/grammy@v1.19.1/convenience/session.ts": "f92d57b6b2b61920912cf5c44d4db2f6ca999fe4f9adef170c321889d49667c2",
    "https://deno.land/x/grammy@v1.19.1/convenience/webhook.ts": "f1da7d6426171fb7b5d5f6b59633f91d3bab9a474eea821f714932650965eb9e",
    "https://deno.land/x/grammy@v1.19.1/core/api.ts": "7d4d8df3567e322ab3b793360ee48da09f46ad531ef994a87b3e6aef4ec23bf2",
    "https://deno.land/x/grammy@v1.19.1/core/client.ts": "39639e4f5fc3a3f9d528c6906d7e3cdc268cf5d33929eeab801bb39642a59103",
    "https://deno.land/x/grammy@v1.19.1/core/error.ts": "4638b2127ebe60249c78b83011d468f5e1e1a87748d32fe11a8200d9f824ad13",
    "https://deno.land/x/grammy@v1.19.1/core/payload.ts": "420e17c3c2830b5576ea187cfce77578fe09f1204b25c25ea2f220ca7c86e73b",
    "https://deno.land/x/grammy@v1.19.1/filter.ts": "201ddac882ab6cd46cae2d18eb8097460dfe7cedadaab2ba16959c5286d5a5f1",
    "https://deno.land/x/grammy@v1.19.1/mod.ts": "b81cccf69779667b36bef5d0373d1567684917a3b9827873f3de7a7e6af1926f",
    "https://deno.land/x/grammy@v1.19.1/platform.deno.ts": "84735643c8dde2cf8af5ac2e6b8eb0768452260878da93238d673cb1b4ccea55",
    "https://deno.land/x/grammy@v1.19.1/types.deno.ts": "0f47eacde6d3d65f107f2abf16ecfe726298d30263367cc82e977c801b766229",
    "https://deno.land/x/grammy@v1.19.1/types.ts": "729415590dfa188dbe924dea614dff4e976babdbabb28a307b869fc25777cdf0",
    "https://deno.land/x/grammy_files@v1.0.4/deps.deno.ts": "ec398579e7a7f69788fc3c3ef90202bc9e031e13bfbd90ee37c88a655b6742ef",
    "https://deno.land/x/grammy_files@v1.0.4/files.ts": "c69a4cfdcf5b75f32b9de97c36e2b197fe9d60feb360b71e89dff5ae22ba1114",
    "https://deno.land/x/grammy_files@v1.0.4/mod.ts": "379c5f64594cd879653cdce715c318b3eed29ab26e071f356b9b61f9e3943bc3",
    "https://deno.land/x/grammy_files@v1.0.4/plugin.ts": "a804b76d4ceaae727b874bb6c88bd7a7b16d086992aae04e23f24e0e4fccd3ab",
    "https://deno.land/x/grammy_parse_mode@1.8.1/deps.deno.ts": "5297e947875ce8ea523e237bbbfa1eb7c709ed8d76dbeeb8d1a5128182a6753b",
    "https://deno.land/x/grammy_parse_mode@1.8.1/format.ts": "570be2b4ba5d4122d4c69f6fae3d507f5a2aa4f6177501d8769f3bbc5e6c77ff",
    "https://deno.land/x/grammy_parse_mode@1.8.1/hydrate.ts": "58e6887ede8319b6f4001bc3e007130c09ba40ca7eaada1387c77a510c9e6b6c",
    "https://deno.land/x/grammy_parse_mode@1.8.1/mod.ts": "58b539ea91fa72c1fd66dd5415b6c4b63104301b07d9daf860bd66343db7062c",
    "https://deno.land/x/grammy_parse_mode@1.8.1/transformer.ts": "794d49c27e62b024d3733759aaafab9043fcdacd4fe53a8d7d4703b39f4f049e",
    "https://deno.land/x/grammy_runner@v2.0.3/deps.deno.ts": "bbbaffd1020e0c91acacf02fbc43cdaee04f1d63446cb6a42255d36a0c0e86d4",
    "https://deno.land/x/grammy_runner@v2.0.3/distribute.ts": "318ed928c437ce0a09956abfa40c0b937bb507dc276bc3db5d571e15a4d1ede1",
    "https://deno.land/x/grammy_runner@v2.0.3/mod.ts": "53c08b39527b0b47ffdf4c5996bc3cfbac802ab37074a7b900b2a63d3db273d3",
    "https://deno.land/x/grammy_runner@v2.0.3/platform.deno.ts": "5990d453979176708af79baea54ba2bc4bdc662079f088ce7668b9f4d1962b8c",
    "https://deno.land/x/grammy_runner@v2.0.3/queue.ts": "d715f98096405c558c2657ef245b5acd1b5de916eed39dbad1399db18e57e0f7",
    "https://deno.land/x/grammy_runner@v2.0.3/runner.ts": "2600b9bd39e724d5c629c94e541f497868dfde6cf55be7745dc1d777c8a8b180",
    "https://deno.land/x/grammy_runner@v2.0.3/sequentialize.ts": "137764a109ff3fe4bc8809b6d1d8865ed5c2ad8b649e7553b10302d70bf2e7fb",
    "https://deno.land/x/grammy_runner@v2.0.3/sink.ts": "4c0acb814dee97ffffaea145413b53ccf64c0b00f105b0993383f25111ed8702",
    "https://deno.land/x/grammy_runner@v2.0.3/source.ts": "68ce5aefa92205db4710c8ac313e0c8e8c2577dd1b88f350b32ee33549188d01",
    "https://deno.land/x/grammy_runner@v2.0.3/worker.ts": "b6f88b9fde15a8dd892c8d4781e8010ef37b80faf04d6ad18db4a43e4faa42ad",
    "https://deno.land/x/grammy_stateless_question_alpha@v3.0.4/mod.ts": "2c634ee172fa86da8581ccee02eb43a1af5f377837ee78668dd6dbea446038ab",
    "https://deno.land/x/grammy_stateless_question_alpha@v3.0.4/source/deps.ts": "4b45ad28d0514ed55d7e2cd54d7d6fefa3cbc7680b38b8f6ce01d25137350deb",
    "https://deno.land/x/grammy_stateless_question_alpha@v3.0.4/source/identifier.ts": "162971fdfa5d48484c4db6ce664d60af27affb5e0bfdab41c065200332b30226",
    "https://deno.land/x/grammy_stateless_question_alpha@v3.0.4/source/index.ts": "b3272436230d7f19f1e9ee515c52e03bbd20ff6963da9b4076d4d3e6935d969d",
    "https://deno.land/x/grammy_types@v3.3.0/api.ts": "efc90a31eb6f59ae5e7a4cf5838f46529e2fa6fa7e97a51a82dbd28afad21592",
    "https://deno.land/x/grammy_types@v3.3.0/inline.ts": "b5669d79f8c0c6f7d6ca856d548c1ac7d490efd54ee785d18a7c4fc12abfd73b",
    "https://deno.land/x/grammy_types@v3.3.0/manage.ts": "e39ec87e74469f70f35aa51dc520b02136ea5e75f9d7a7e0e513846a00b63fd2",
    "https://deno.land/x/grammy_types@v3.3.0/markup.ts": "7b547b79130a112f98fbd3f0f754c8bb926f7cab3040d244b5f597aea0e1ce09",
    "https://deno.land/x/grammy_types@v3.3.0/message.ts": "e78a7797174c537bb8de80597e265121615fa36a531dd88ac5af27aa68779172",
    "https://deno.land/x/grammy_types@v3.3.0/methods.ts": "7547cedfec2c2727b30b8fa38050aee6642c56673b21cfd0ac56b0e531f02795",
    "https://deno.land/x/grammy_types@v3.3.0/mod.ts": "7b5f421b4fbb1761f7f0d68328eaddd515f3222ce3f3cdfbedd8d5a4781e91a7",
    "https://deno.land/x/grammy_types@v3.3.0/passport.ts": "e3fb63aec96510bcc317ef48fd25b435444b8f407502d7568c00fce15f2958fd",
    "https://deno.land/x/grammy_types@v3.3.0/payment.ts": "d23e9038c5b479b606e620dd84e3e67b6642ada110a962f2d5b5286e99ec7de5",
    "https://deno.land/x/grammy_types@v3.3.0/settings.ts": "5e989f5bd6c587d55673bd8052293869aa2f372e9223dd7f6e28632bfe021b6e",
    "https://deno.land/x/grammy_types@v3.3.0/update.ts": "6d5ec6d1f6d2acf021f807f6bbf7d541487f30672cfab4700e7f935a490c3b78",
    "https://deno.land/x/indexed_kv@v0.5.0/mod.ts": "8a0598817202231dbc0be25149d68c21bca82064303270725764814ee43292ea",
    "https://deno.land/x/kvfs@v0.1.0/mod.ts": "ceb4c28a6ed850f2fe40bf2349fc8564406811349c7dd6be615db3f098b0790e",
    "https://deno.land/x/kvmq@v0.3.0/mod.ts": "ce39abbef6a8f0c25a9141dcac82ef165d4ad74a78289eace7bb168bbc645806",
    "https://deno.land/x/lz4@v0.1.2/mod.ts": "4decfc1a3569d03fd1813bd39128b71c8f082850fe98ecfdde20025772916582",
    "https://deno.land/x/lz4@v0.1.2/wasm.js": "b9c65605327ba273f0c76a6dc596ec534d4cda0f0225d7a94ebc606782319e46",
    "https://deno.land/x/reroute@v0.1.0/mod.ts": "2cce7958e13efc2ef1be800dffe6c7043b96d3e514f35dee9cbf60d05d09d2fd",
    "https://deno.land/x/serve_spa@v0.2.0/mod.ts": "3ddf85357324b2dd75721b3614accfa01af9a87c292a85e2ed17a9387665f400",
    "https://deno.land/x/swc@0.2.1/lib/deno_swc.generated.js": "a112eb5a4871bcbd5b660d3fd9d7afdd5cf2bb9e135eb9b04aceaa24d16481a0",
    "https://deno.land/x/swc@0.2.1/mod.ts": "9e03f5daf4c2a25208e34e19ce3e997d2e23a5a11ee8c8ed58023b0e3626073f",
    "https://deno.land/x/ulid@v0.3.0/mod.ts": "f7ff065b66abd485051fc68af23becef6ccc7e81f7774d7fcfd894a4b2da1984",
    "https://esm.sh/@grammyjs/types@2.0.0": "5e5d1ae9f014cb64f0af36fb91f9d35414d670049b77367818a70cd62092b2ac",
    "https://esm.sh/@grammyjs/types@2.12.1": "eebe448d3bf3d4fdaeacee50e31b9e3947ce965d2591f1036e5c0273cb7aec36",
    "https://esm.sh/@twind/core@1.1.3?dev": "e774ab3507f745e78dc57dc719a65c356530e248b3ce848fea6a27f84df9619d",
    "https://esm.sh/@twind/preset-tailwind@1.1.4?dev": "3e2b0d9e56cba8a4a5f85273efede31667a820125b67479ca3be354fa335e2ae",
    "https://esm.sh/file-type@18.5.0": "f01f6eddb05d365925545e26bd449f934dc042bead882b2795c35c4f48d690a3",
    "https://esm.sh/openapi-fetch@0.7.6": "43eff6df93e773801cb6ade02b0f47c05d0bfe2fb044adbf2b94fa74ff30d35b",
    "https://esm.sh/png-chunk-text@1.0.0": "08beb86f31b5ff70240650fe095b6c4e4037e5c1d5917f9338e7633cae680356",
    "https://esm.sh/png-chunks-extract@1.0.0": "da06bbd3c08199d72ab16354abe5ffd2361cb891ccbb44d757a0a0a4fbfa12b5",
    "https://esm.sh/react-dom@18.2.0/client?dev": "db94655481962a38b32ffbbb0ad50df0a5582ee3e139acb375f989f74b630d82",
    "https://esm.sh/react-flip-move@3.0.5?dev": "f92489b69efcaba985c9f45b4f4888a24aee7076cf5c03dad378e103d0c1e492",
    "https://esm.sh/react-intl@6.4.7?external=react&alias=@types/react:react&dev": "7b36a3ea6a607b5d20409129fb43541e665fbcd3607fb8d54541b66a6199b1a2",
    "https://esm.sh/react-router-dom@6.16.0?dev": "da2bc1a0702667487b3724590e225fd4ea62e8ef8645b06eefbe29b64e6ad161",
    "https://esm.sh/react@18.2.0?dev": "1fe185734f3d77826efb78a22779899d143bb1160baaf5bbf01edee9f4eaa9d5",
    "https://esm.sh/stable/react@18.2.0/denonext/react.development.mjs": "88729b33eccbea2c09894f07459f32911777721a3b50fd32151182e82c4351e2",
    "https://esm.sh/swr@2.2.4?dev": "51d948a1c62a540e833c2ee9c5be77474781a7fcb491b3e2fc6987a64280ffb7",
    "https://esm.sh/ty-rest@0.4.0/client?dev": "536ada606fc8d34ae6edf7799755ff73a1c7573f945aa0ebece57d032d776ba6",
    "https://esm.sh/ty-rest@0.4.0/server?dev": "c0db37ac0313d1ceed63791b165dd234335c16e718b23026171db9b5595664ee",
    "https://esm.sh/use-local-storage@3.0.0?dev": "ddecd8b50fdb196ee3520f2d4f656069bd550833c701af8333ee348923b4ef18",
    "https://esm.sh/v133/@formatjs/ecma402-abstract@1.17.2/X-YS9AdHlwZXMvcmVhY3Q6cmVhY3QKZS9yZWFjdA/denonext/ecma402-abstract.development.mjs": "6bc8e991e96ec1a0c91598525756a528a7b4927d570eef2b19caaaccc1fcd8bf",
    "https://esm.sh/v133/@formatjs/fast-memoize@2.2.0/X-YS9AdHlwZXMvcmVhY3Q6cmVhY3QKZS9yZWFjdA/denonext/fast-memoize.development.mjs": "4c027b3308490b65dc899f683b1ff9be8da4b7a2e1e32433ef03bcb8f0fdf821",
    "https://esm.sh/v133/@formatjs/icu-messageformat-parser@2.6.2/X-YS9AdHlwZXMvcmVhY3Q6cmVhY3QKZS9yZWFjdA/denonext/icu-messageformat-parser.development.mjs": "30783c1741a478baa30ebf9a71ea0e2416a706265e14a229b0992058dfd6687e",
    "https://esm.sh/v133/@formatjs/icu-skeleton-parser@1.6.2/X-YS9AdHlwZXMvcmVhY3Q6cmVhY3QKZS9yZWFjdA/denonext/icu-skeleton-parser.development.mjs": "85a61304c66fe8cc15da3899b79df44864c0f1a9dea73d6b23bbf944c973ff64",
    "https://esm.sh/v133/@formatjs/intl-localematcher@0.4.2/X-YS9AdHlwZXMvcmVhY3Q6cmVhY3QKZS9yZWFjdA/denonext/intl-localematcher.development.mjs": "26325e3fc4b1728583a863c46332b6878c377bbb918a39896eb0d9f39eb41357",
    "https://esm.sh/v133/@formatjs/intl@2.9.3/X-YS9AdHlwZXMvcmVhY3Q6cmVhY3QKZS9yZWFjdA/denonext/intl.development.mjs": "b01ab881505e8d29bf9b337f9b48841893203e063d31775eed6ba292acfac298",
    "https://esm.sh/v133/@grammyjs/types@2.0.0/denonext/types.mjs": "7ee61bd0c55a152ea1ffaf3fbe63fce6c103ae836265b23290284d6ba0e3bc5b",
    "https://esm.sh/v133/@grammyjs/types@2.12.1/denonext/types.mjs": "3636f7a1ca7fef89fa735d832b72193a834bc7f5250b6bf182544be53a6ab218",
    "https://esm.sh/v133/@remix-run/router@1.9.0/denonext/router.development.mjs": "97f96f031a7298b0afbbadb23177559ee9b915314d7adf0b9c6a8d7f452c70e7",
    "https://esm.sh/v133/@twind/core@1.1.3/denonext/core.development.mjs": "1dd38a506c4b728456796e87caa55a31c3855edc6a052a391264c96ee6b89f67",
    "https://esm.sh/v133/@twind/preset-tailwind@1.1.4/denonext/preset-tailwind.development.mjs": "fc8acfed444337d323d8d6ab5d6198cbc4573a26816387c66ebf6524d20bd772",
    "https://esm.sh/v133/client-only@0.0.1/denonext/client-only.development.mjs": "b7efaef2653f7f628d084e24a4d5a857c9cd1a5e5060d1d9957e185ee98c8a28",
    "https://esm.sh/v133/crc-32@0.3.0/denonext/crc-32.mjs": "92bbd96cd5a92e45267cf4b3d3928b9355d16963da1ba740637fb10f1daca590",
    "https://esm.sh/v133/file-type@18.5.0/denonext/file-type.mjs": "785cac1bc363448647871e1b310422e01c9cfb7b817a68690710b786d3598311",
    "https://esm.sh/v133/hoist-non-react-statics@3.3.2/X-YS9AdHlwZXMvcmVhY3Q6cmVhY3QKZS9yZWFjdA/denonext/hoist-non-react-statics.development.mjs": "6e66f502f9c4bfeadf9edaa8613965eab0dadab8c22cc83afa4f9d238cdb5153",
    "https://esm.sh/v133/ieee754@1.2.1/denonext/ieee754.mjs": "9ec2806065f50afcd4cf3f3f2f38d93e777a92a5954dda00d219f57d4b24832f",
    "https://esm.sh/v133/inherits@2.0.4/denonext/inherits.mjs": "8095f3d6aea060c904fb24ae50f2882779c0acbe5d56814514c8b5153f3b4b3b",
    "https://esm.sh/v133/intl-messageformat@10.5.3/X-YS9AdHlwZXMvcmVhY3Q6cmVhY3QKZS9yZWFjdA/denonext/intl-messageformat.development.mjs": "8c995acc5e8423a90576dfce8c00b181243987f1ff9922cf6162da4c228e6392",
    "https://esm.sh/v133/openapi-fetch@0.7.6/denonext/openapi-fetch.mjs": "1ec8ed23c9141c7f4e58de06f84525e310fe7dda1aeaf675c8edafb3d8292cfc",
    "https://esm.sh/v133/peek-readable@5.0.0/denonext/peek-readable.mjs": "5e799ea86e9c501873f687eda9c891a75ed55ba666b5dd822eaa3d28a8a5f2b1",
    "https://esm.sh/v133/png-chunk-text@1.0.0/denonext/png-chunk-text.mjs": "e8bb89595ceab2603531693319da08a9dd90d51169437de47a73cf8bac7baa11",
    "https://esm.sh/v133/png-chunks-extract@1.0.0/denonext/png-chunks-extract.mjs": "2a9b62c9478e2bb79f7ccc9725be3b79afa473089ac978d8fd14a8b0cba7c040",
    "https://esm.sh/v133/react-dom@18.2.0/denonext/client.development.js": "372d345cb97c5ec7b9cd9042d49bdea157c2a231db8078c4857ca9354e1a8da0",
    "https://esm.sh/v133/react-dom@18.2.0/denonext/react-dom.development.mjs": "a16c087a0cdb5b98c3eaf44c5d24a680e21fc69a8b144859e14ebdd1849755d7",
    "https://esm.sh/v133/react-flip-move@3.0.5/denonext/react-flip-move.development.mjs": "1a139b6c46af5e4e5302b1c748e80bfd03144989e8c81dea4fbd83dfb6cf4b57",
    "https://esm.sh/v133/react-intl@6.4.7/X-YS9AdHlwZXMvcmVhY3Q6cmVhY3QKZS9yZWFjdA/denonext/react-intl.development.mjs": "9017a5dc9316c3f068eb81794f69ac5a6944e649dcec4a45bad2826c0352fd69",
    "https://esm.sh/v133/react-is@16.13.1/X-YS9AdHlwZXMvcmVhY3Q6cmVhY3QKZS9yZWFjdA/denonext/react-is.development.mjs": "9e2c3272e256b176f71660a52bf0f8a079babbd01e680de070d47ed51a9319bd",
    "https://esm.sh/v133/react-router-dom@6.16.0/denonext/react-router-dom.development.mjs": "4c4022a51af6e07f477e454d0bf3a4a085a41ccf21d76b59663533d717d86f66",
    "https://esm.sh/v133/react-router@6.16.0/denonext/react-router.development.mjs": "c7f1443519d01e5791bc35f64cb561be72e3473060a1e14844b47c50d5e02223",
    "https://esm.sh/v133/readable-stream@3.6.2/denonext/readable-stream.mjs": "4d368fe1058f90ecfb37581103cae1646123180b8fc4aa77157fd733aed24e4a",
    "https://esm.sh/v133/readable-web-to-node-stream@3.0.2/denonext/readable-web-to-node-stream.mjs": "8e7f8b7139f71b1cf94cb4d4772239755e996d88bcefb462f03fd6a0b8b4cd83",
    "https://esm.sh/v133/scheduler@0.23.0/denonext/scheduler.development.mjs": "b6c8f513ecc4afb69b0c5c78a7674bb1c78f7e003946c6c8c655778d81d775db",
    "https://esm.sh/v133/strtok3@7.0.0/denonext/core.js": "4934052fd9086facbb9436e905dfdee19ee27a43d0b0a8fca39648e833324577",
    "https://esm.sh/v133/swr@2.2.4/denonext/_internal.development.js": "a9cec421ab0aaa32d9c7e5b55fd73b6d34b4331c71a58e0deab37437c7f263d8",
    "https://esm.sh/v133/swr@2.2.4/denonext/swr.development.mjs": "edbaabd9f0a72387a39fb09bcac308adde07f8b7a756d4b7c5cdc6aa79ec9a4d",
    "https://esm.sh/v133/token-types@5.0.1/denonext/token-types.mjs": "eb8ef626bdfc077ae8f9b6c0842e3bdae25b4867dd9d38b7b1b5f003819a06d3",
    "https://esm.sh/v133/tslib@2.6.2/X-YS9AdHlwZXMvcmVhY3Q6cmVhY3QKZS9yZWFjdA/denonext/tslib.development.mjs": "40dea6e88a1261c5c96a641d73276ffecae3f2d23b9a93d1c5294125f4474cdb",
    "https://esm.sh/v133/ty-rest@0.4.0/denonext/client.development.js": "00f1de0ffd56afd5da29d786c73c35820f1493c7a81d2c12c006449841228c9b",
    "https://esm.sh/v133/ty-rest@0.4.0/denonext/server.development.js": "e5cee0108b4abbe0b1a7d336c15aaa5955c313503088ebbbc393a05a031265bf",
    "https://esm.sh/v133/use-local-storage@3.0.0/denonext/use-local-storage.development.mjs": "72e24a28434c3de0024ba46b62517a74611c6ce0872468f6890b3cbfbfa21a07",
    "https://esm.sh/v133/use-sync-external-store@1.2.0/denonext/shim.development.js": "6d809e52639ca720eee46a6c63ba55c597eb72d7eae1edd95cf3643538e46158",
    "https://esm.sh/v133/util-deprecate@1.0.2/denonext/util-deprecate.mjs": "f69f67cf655c38428b0934e0f7c865c055834a87cc3866b629d6b2beb21005e9"
  }
}
